
Microsoft Visual Studio Solution File, Format Version 12.00
# Visual Studio 15
VisualStudioVersion = 15.0.27130.2024
MinimumVisualStudioVersion = 10.0.40219.1
Project("{FAE04EC0-301F-11D3-BF4B-00C04F79EFBC}") = "TourismManagement", "TourismManagement\TourismManagement.csproj", "{CBB3C09B-2808-4B12-B26F-165FA2A3E584}"
EndProject
Global
	GlobalSection(SolutionConfigurationPlatforms) = preSolution
		Debug|Any CPU = Debug|Any CPU
		Release|Any CPU = Release|Any CPU
	EndGlobalSection
	GlobalSection(ProjectConfigurationPlatforms) = postSolution
		{CBB3C09B-2808-4B12-B26F-165FA2A3E584}.Debug|Any CPU.ActiveCfg = Debug|Any CPU
		{CBB3C09B-2808-4B12-B26F-165FA2A3E584}.Debug|Any CPU.Build.0 = Debug|Any CPU
		{CBB3C09B-2808-4B12-B26F-165FA2A3E584}.Release|Any CPU.ActiveCfg = Release|Any CPU
		{CBB3C09B-2808-4B12-B26F-165FA2A3E584}.Release|Any CPU.Build.0 = Release|Any CPU
	EndGlobalSection
	GlobalSection(SolutionProperties) = preSolution
		HideSolutionNode = FALSE
	EndGlobalSection
	GlobalSection(ExtensibilityGlobals) = postSolution
		SolutionGuid = {96A4F99B-2452-432F-BBA3-7A29A361EADD}
	EndGlobalSection
EndGlobal
